
Microsoft Visual Studio Solution File, Format Version 12.00
# Visual Studio Version 17
VisualStudioVersion = 17.6.33829.357
MinimumVisualStudioVersion = 10.0.40219.1
Project("{9A19103F-16F7-4668-BE54-9A1E7A4F7556}") = "Bot_test", "Bot_test.csproj", "{8EF0EE09-8D43-4FCD-8D37-46B4DDDC6CE9}"
EndProject
Global
	GlobalSection(SolutionConfigurationPlatforms) = preSolution
		Debug|Any CPU = Debug|Any CPU
		Debug|ARM64 = Debug|ARM64
		Release|Any CPU = Release|Any CPU
		Release|ARM64 = Release|ARM64
	EndGlobalSection
	GlobalSection(ProjectConfigurationPlatforms) = postSolution
		{8EF0EE09-8D43-4FCD-8D37-46B4DDDC6CE9}.Debug|Any CPU.ActiveCfg = Debug|Any CPU
		{8EF0EE09-8D43-4FCD-8D37-46B4DDDC6CE9}.Debug|Any CPU.Build.0 = Debug|Any CPU
		{8EF0EE09-8D43-4FCD-8D37-46B4DDDC6CE9}.Debug|ARM64.ActiveCfg = Debug|ARM64
		{8EF0EE09-8D43-4FCD-8D37-46B4DDDC6CE9}.Debug|ARM64.Build.0 = Debug|ARM64
		{8EF0EE09-8D43-4FCD-8D37-46B4DDDC6CE9}.Release|Any CPU.ActiveCfg = Release|Any CPU
		{8EF0EE09-8D43-4FCD-8D37-46B4DDDC6CE9}.Release|Any CPU.Build.0 = Release|Any CPU
		{8EF0EE09-8D43-4FCD-8D37-46B4DDDC6CE9}.Release|ARM64.ActiveCfg = Release|ARM64
		{8EF0EE09-8D43-4FCD-8D37-46B4DDDC6CE9}.Release|ARM64.Build.0 = Release|ARM64
	EndGlobalSection
	GlobalSection(SolutionProperties) = preSolution
		HideSolutionNode = FALSE
	EndGlobalSection
	GlobalSection(ExtensibilityGlobals) = postSolution
		SolutionGuid = {F807E828-4189-4907-A263-59D3E4E312BF}
	EndGlobalSection
EndGlobal
